
Microsoft Visual Studio Solution File, Format Version 12.00
# Visual Studio 14
VisualStudioVersion = 14.0.24720.0
MinimumVisualStudioVersion = 10.0.40219.1
Project("{FAE04EC0-301F-11D3-BF4B-00C04F79EFBC}") = "EA.Gen.Addin", "EA.Gen.Addin.csproj", "{3EAF57E0-2F3B-48CE-852E-5B83FE1EC460}"
EndProject
Project("{FAE04EC0-301F-11D3-BF4B-00C04F79EFBC}") = "EA.Gen.Addin.Test", "EA.Gen.Test.Addin.Test\EA.Gen.Addin.Test.csproj", "{B44A3B45-1C71-4D49-9FEF-4AD3928E9FEB}"
EndProject
Project("{FAE04EC0-301F-11D3-BF4B-00C04F79EFBC}") = "EA.Gen.Sample", "EA.Gen.Sample\EA.Gen.Sample.csproj", "{4CDBE90B-0C29-43EA-BC95-6604B1B8C831}"
EndProject
Project("{7CF6DF6D-3B04-46F8-A40B-537D21BCA0B4}") = "EA.Gen.Addin.Help", "EA.Gen.Addin.Help\EA.Gen.Addin.Help.shfbproj", "{33E4857B-F54D-4AFF-B449-995EDC31A9FD}"
EndProject
Project("{2150E333-8FDC-42A3-9474-1A3956D46DE8}") = "Solution Items", "Solution Items", "{886ED288-9618-4C75-93B8-33DBB38010A0}"
	ProjectSection(SolutionItems) = preProject
		D:\App.config = D:\App.config
		EA.Gen.Addin.nuspec = EA.Gen.Addin.nuspec
		EA.Gen.Addin.reg = EA.Gen.Addin.reg
	EndProjectSection
EndProject
Project("{6141683F-8A12-4E36-9623-2EB02B2C2303}") = "EA.Gen.Addin.Setup", "..\EA.Gen.Addin.Setup\EA.Gen.Addin.Setup.isproj", "{43E640A0-2ECD-420F-B1A3-7E94E1435DEF}"
	ProjectSection(ProjectDependencies) = postProject
		{4CDBE90B-0C29-43EA-BC95-6604B1B8C831} = {4CDBE90B-0C29-43EA-BC95-6604B1B8C831}
		{B44A3B45-1C71-4D49-9FEF-4AD3928E9FEB} = {B44A3B45-1C71-4D49-9FEF-4AD3928E9FEB}
		{3EAF57E0-2F3B-48CE-852E-5B83FE1EC460} = {3EAF57E0-2F3B-48CE-852E-5B83FE1EC460}
	EndProjectSection
EndProject
Project("{FAE04EC0-301F-11D3-BF4B-00C04F79EFBC}") = "EA.Gen.Model", "..\EA.Gen.Model\EA.Gen.Model.csproj", "{CEC284FB-23E7-4BED-A098-9EB5825EBFE1}"
EndProject
Global
	GlobalSection(SolutionConfigurationPlatforms) = preSolution
		CD_ROM|Any CPU = CD_ROM|Any CPU
		CD_ROM|x86 = CD_ROM|x86
		Debug|Any CPU = Debug|Any CPU
		Debug|x86 = Debug|x86
		DVD-5|Any CPU = DVD-5|Any CPU
		DVD-5|x86 = DVD-5|x86
		Release|Any CPU = Release|Any CPU
		Release|x86 = Release|x86
		SingleImage|Any CPU = SingleImage|Any CPU
		SingleImage|x86 = SingleImage|x86
	EndGlobalSection
	GlobalSection(ProjectConfigurationPlatforms) = postSolution
		{3EAF57E0-2F3B-48CE-852E-5B83FE1EC460}.CD_ROM|Any CPU.ActiveCfg = Release|Any CPU
		{3EAF57E0-2F3B-48CE-852E-5B83FE1EC460}.CD_ROM|Any CPU.Build.0 = Release|Any CPU
		{3EAF57E0-2F3B-48CE-852E-5B83FE1EC460}.CD_ROM|x86.ActiveCfg = Release|x86
		{3EAF57E0-2F3B-48CE-852E-5B83FE1EC460}.CD_ROM|x86.Build.0 = Release|x86
		{3EAF57E0-2F3B-48CE-852E-5B83FE1EC460}.Debug|Any CPU.ActiveCfg = Debug|Any CPU
		{3EAF57E0-2F3B-48CE-852E-5B83FE1EC460}.Debug|Any CPU.Build.0 = Debug|Any CPU
		{3EAF57E0-2F3B-48CE-852E-5B83FE1EC460}.Debug|x86.ActiveCfg = Debug|x86
		{3EAF57E0-2F3B-48CE-852E-5B83FE1EC460}.Debug|x86.Build.0 = Debug|x86
		{3EAF57E0-2F3B-48CE-852E-5B83FE1EC460}.DVD-5|Any CPU.ActiveCfg = Debug|Any CPU
		{3EAF57E0-2F3B-48CE-852E-5B83FE1EC460}.DVD-5|Any CPU.Build.0 = Debug|Any CPU
		{3EAF57E0-2F3B-48CE-852E-5B83FE1EC460}.DVD-5|x86.ActiveCfg = Debug|x86
		{3EAF57E0-2F3B-48CE-852E-5B83FE1EC460}.DVD-5|x86.Build.0 = Debug|x86
		{3EAF57E0-2F3B-48CE-852E-5B83FE1EC460}.Release|Any CPU.ActiveCfg = Release|x86
		{3EAF57E0-2F3B-48CE-852E-5B83FE1EC460}.Release|Any CPU.Build.0 = Release|x86
		{3EAF57E0-2F3B-48CE-852E-5B83FE1EC460}.Release|x86.ActiveCfg = Release|x86
		{3EAF57E0-2F3B-48CE-852E-5B83FE1EC460}.Release|x86.Build.0 = Release|x86
		{3EAF57E0-2F3B-48CE-852E-5B83FE1EC460}.SingleImage|Any CPU.ActiveCfg = Release|Any CPU
		{3EAF57E0-2F3B-48CE-852E-5B83FE1EC460}.SingleImage|Any CPU.Build.0 = Release|Any CPU
		{3EAF57E0-2F3B-48CE-852E-5B83FE1EC460}.SingleImage|x86.ActiveCfg = Release|x86
		{3EAF57E0-2F3B-48CE-852E-5B83FE1EC460}.SingleImage|x86.Build.0 = Release|x86
		{B44A3B45-1C71-4D49-9FEF-4AD3928E9FEB}.CD_ROM|Any CPU.ActiveCfg = Release|Any CPU
		{B44A3B45-1C71-4D49-9FEF-4AD3928E9FEB}.CD_ROM|Any CPU.Build.0 = Release|Any CPU
		{B44A3B45-1C71-4D49-9FEF-4AD3928E9FEB}.CD_ROM|x86.ActiveCfg = Release|Any CPU
		{B44A3B45-1C71-4D49-9FEF-4AD3928E9FEB}.CD_ROM|x86.Build.0 = Release|Any CPU
		{B44A3B45-1C71-4D49-9FEF-4AD3928E9FEB}.Debug|Any CPU.ActiveCfg = Debug|Any CPU
		{B44A3B45-1C71-4D49-9FEF-4AD3928E9FEB}.Debug|Any CPU.Build.0 = Debug|Any CPU
		{B44A3B45-1C71-4D49-9FEF-4AD3928E9FEB}.Debug|x86.ActiveCfg = Debug|Any CPU
		{B44A3B45-1C71-4D49-9FEF-4AD3928E9FEB}.Debug|x86.Build.0 = Debug|Any CPU
		{B44A3B45-1C71-4D49-9FEF-4AD3928E9FEB}.DVD-5|Any CPU.ActiveCfg = Debug|Any CPU
		{B44A3B45-1C71-4D49-9FEF-4AD3928E9FEB}.DVD-5|Any CPU.Build.0 = Debug|Any CPU
		{B44A3B45-1C71-4D49-9FEF-4AD3928E9FEB}.DVD-5|x86.ActiveCfg = Debug|Any CPU
		{B44A3B45-1C71-4D49-9FEF-4AD3928E9FEB}.DVD-5|x86.Build.0 = Debug|Any CPU
		{B44A3B45-1C71-4D49-9FEF-4AD3928E9FEB}.Release|Any CPU.ActiveCfg = Release|Any CPU
		{B44A3B45-1C71-4D49-9FEF-4AD3928E9FEB}.Release|Any CPU.Build.0 = Release|Any CPU
		{B44A3B45-1C71-4D49-9FEF-4AD3928E9FEB}.Release|x86.ActiveCfg = Release|Any CPU
		{B44A3B45-1C71-4D49-9FEF-4AD3928E9FEB}.Release|x86.Build.0 = Release|Any CPU
		{B44A3B45-1C71-4D49-9FEF-4AD3928E9FEB}.SingleImage|Any CPU.ActiveCfg = Release|Any CPU
		{B44A3B45-1C71-4D49-9FEF-4AD3928E9FEB}.SingleImage|Any CPU.Build.0 = Release|Any CPU
		{B44A3B45-1C71-4D49-9FEF-4AD3928E9FEB}.SingleImage|x86.ActiveCfg = Release|Any CPU
		{B44A3B45-1C71-4D49-9FEF-4AD3928E9FEB}.SingleImage|x86.Build.0 = Release|Any CPU
		{4CDBE90B-0C29-43EA-BC95-6604B1B8C831}.CD_ROM|Any CPU.ActiveCfg = Release|Any CPU
		{4CDBE90B-0C29-43EA-BC95-6604B1B8C831}.CD_ROM|Any CPU.Build.0 = Release|Any CPU
		{4CDBE90B-0C29-43EA-BC95-6604B1B8C831}.CD_ROM|x86.ActiveCfg = Release|Any CPU
		{4CDBE90B-0C29-43EA-BC95-6604B1B8C831}.CD_ROM|x86.Build.0 = Release|Any CPU
		{4CDBE90B-0C29-43EA-BC95-6604B1B8C831}.Debug|Any CPU.ActiveCfg = Debug|Any CPU
		{4CDBE90B-0C29-43EA-BC95-6604B1B8C831}.Debug|Any CPU.Build.0 = Debug|Any CPU
		{4CDBE90B-0C29-43EA-BC95-6604B1B8C831}.Debug|x86.ActiveCfg = Debug|Any CPU
		{4CDBE90B-0C29-43EA-BC95-6604B1B8C831}.Debug|x86.Build.0 = Debug|Any CPU
		{4CDBE90B-0C29-43EA-BC95-6604B1B8C831}.DVD-5|Any CPU.ActiveCfg = Debug|Any CPU
		{4CDBE90B-0C29-43EA-BC95-6604B1B8C831}.DVD-5|Any CPU.Build.0 = Debug|Any CPU
		{4CDBE90B-0C29-43EA-BC95-6604B1B8C831}.DVD-5|x86.ActiveCfg = Debug|Any CPU
		{4CDBE90B-0C29-43EA-BC95-6604B1B8C831}.DVD-5|x86.Build.0 = Debug|Any CPU
		{4CDBE90B-0C29-43EA-BC95-6604B1B8C831}.Release|Any CPU.ActiveCfg = Release|Any CPU
		{4CDBE90B-0C29-43EA-BC95-6604B1B8C831}.Release|Any CPU.Build.0 = Release|Any CPU
		{4CDBE90B-0C29-43EA-BC95-6604B1B8C831}.Release|x86.ActiveCfg = Release|Any CPU
		{4CDBE90B-0C29-43EA-BC95-6604B1B8C831}.Release|x86.Build.0 = Release|Any CPU
		{4CDBE90B-0C29-43EA-BC95-6604B1B8C831}.SingleImage|Any CPU.ActiveCfg = Release|Any CPU
		{4CDBE90B-0C29-43EA-BC95-6604B1B8C831}.SingleImage|Any CPU.Build.0 = Release|Any CPU
		{4CDBE90B-0C29-43EA-BC95-6604B1B8C831}.SingleImage|x86.ActiveCfg = Release|Any CPU
		{4CDBE90B-0C29-43EA-BC95-6604B1B8C831}.SingleImage|x86.Build.0 = Release|Any CPU
		{33E4857B-F54D-4AFF-B449-995EDC31A9FD}.CD_ROM|Any CPU.ActiveCfg = Release|Any CPU
		{33E4857B-F54D-4AFF-B449-995EDC31A9FD}.CD_ROM|Any CPU.Build.0 = Release|Any CPU
		{33E4857B-F54D-4AFF-B449-995EDC31A9FD}.CD_ROM|x86.ActiveCfg = Release|Any CPU
		{33E4857B-F54D-4AFF-B449-995EDC31A9FD}.CD_ROM|x86.Build.0 = Release|Any CPU
		{33E4857B-F54D-4AFF-B449-995EDC31A9FD}.Debug|Any CPU.ActiveCfg = Debug|Any CPU
		{33E4857B-F54D-4AFF-B449-995EDC31A9FD}.Debug|x86.ActiveCfg = Debug|Any CPU
		{33E4857B-F54D-4AFF-B449-995EDC31A9FD}.Debug|x86.Build.0 = Debug|Any CPU
		{33E4857B-F54D-4AFF-B449-995EDC31A9FD}.DVD-5|Any CPU.ActiveCfg = Debug|Any CPU
		{33E4857B-F54D-4AFF-B449-995EDC31A9FD}.DVD-5|Any CPU.Build.0 = Debug|Any CPU
		{33E4857B-F54D-4AFF-B449-995EDC31A9FD}.DVD-5|x86.ActiveCfg = Debug|Any CPU
		{33E4857B-F54D-4AFF-B449-995EDC31A9FD}.DVD-5|x86.Build.0 = Debug|Any CPU
		{33E4857B-F54D-4AFF-B449-995EDC31A9FD}.Release|Any CPU.ActiveCfg = Release|Any CPU
		{33E4857B-F54D-4AFF-B449-995EDC31A9FD}.Release|Any CPU.Build.0 = Release|Any CPU
		{33E4857B-F54D-4AFF-B449-995EDC31A9FD}.Release|x86.ActiveCfg = Release|Any CPU
		{33E4857B-F54D-4AFF-B449-995EDC31A9FD}.Release|x86.Build.0 = Release|Any CPU
		{33E4857B-F54D-4AFF-B449-995EDC31A9FD}.SingleImage|Any CPU.ActiveCfg = Release|Any CPU
		{33E4857B-F54D-4AFF-B449-995EDC31A9FD}.SingleImage|Any CPU.Build.0 = Release|Any CPU
		{33E4857B-F54D-4AFF-B449-995EDC31A9FD}.SingleImage|x86.ActiveCfg = Release|Any CPU
		{33E4857B-F54D-4AFF-B449-995EDC31A9FD}.SingleImage|x86.Build.0 = Release|Any CPU
		{43E640A0-2ECD-420F-B1A3-7E94E1435DEF}.CD_ROM|Any CPU.ActiveCfg = CD_ROM
		{43E640A0-2ECD-420F-B1A3-7E94E1435DEF}.CD_ROM|Any CPU.Build.0 = CD_ROM
		{43E640A0-2ECD-420F-B1A3-7E94E1435DEF}.CD_ROM|x86.ActiveCfg = CD_ROM
		{43E640A0-2ECD-420F-B1A3-7E94E1435DEF}.CD_ROM|x86.Build.0 = CD_ROM
		{43E640A0-2ECD-420F-B1A3-7E94E1435DEF}.Debug|Any CPU.ActiveCfg = SingleImage
		{43E640A0-2ECD-420F-B1A3-7E94E1435DEF}.Debug|x86.ActiveCfg = DVD-5
		{43E640A0-2ECD-420F-B1A3-7E94E1435DEF}.Debug|x86.Build.0 = DVD-5
		{43E640A0-2ECD-420F-B1A3-7E94E1435DEF}.DVD-5|Any CPU.ActiveCfg = DVD-5
		{43E640A0-2ECD-420F-B1A3-7E94E1435DEF}.DVD-5|Any CPU.Build.0 = DVD-5
		{43E640A0-2ECD-420F-B1A3-7E94E1435DEF}.DVD-5|x86.ActiveCfg = DVD-5
		{43E640A0-2ECD-420F-B1A3-7E94E1435DEF}.DVD-5|x86.Build.0 = DVD-5
		{43E640A0-2ECD-420F-B1A3-7E94E1435DEF}.Release|Any CPU.ActiveCfg = DVD-5
		{43E640A0-2ECD-420F-B1A3-7E94E1435DEF}.Release|Any CPU.Build.0 = DVD-5
		{43E640A0-2ECD-420F-B1A3-7E94E1435DEF}.Release|Any CPU.Deploy.0 = DVD-5
		{43E640A0-2ECD-420F-B1A3-7E94E1435DEF}.Release|x86.ActiveCfg = SingleImage
		{43E640A0-2ECD-420F-B1A3-7E94E1435DEF}.Release|x86.Build.0 = SingleImage
		{43E640A0-2ECD-420F-B1A3-7E94E1435DEF}.SingleImage|Any CPU.ActiveCfg = SingleImage
		{43E640A0-2ECD-420F-B1A3-7E94E1435DEF}.SingleImage|Any CPU.Build.0 = SingleImage
		{43E640A0-2ECD-420F-B1A3-7E94E1435DEF}.SingleImage|x86.ActiveCfg = SingleImage
		{43E640A0-2ECD-420F-B1A3-7E94E1435DEF}.SingleImage|x86.Build.0 = SingleImage
		{CEC284FB-23E7-4BED-A098-9EB5825EBFE1}.CD_ROM|Any CPU.ActiveCfg = Release|Any CPU
		{CEC284FB-23E7-4BED-A098-9EB5825EBFE1}.CD_ROM|Any CPU.Build.0 = Release|Any CPU
		{CEC284FB-23E7-4BED-A098-9EB5825EBFE1}.CD_ROM|x86.ActiveCfg = Release|Any CPU
		{CEC284FB-23E7-4BED-A098-9EB5825EBFE1}.CD_ROM|x86.Build.0 = Release|Any CPU
		{CEC284FB-23E7-4BED-A098-9EB5825EBFE1}.Debug|Any CPU.ActiveCfg = Debug|Any CPU
		{CEC284FB-23E7-4BED-A098-9EB5825EBFE1}.Debug|Any CPU.Build.0 = Debug|Any CPU
		{CEC284FB-23E7-4BED-A098-9EB5825EBFE1}.Debug|x86.ActiveCfg = Debug|Any CPU
		{CEC284FB-23E7-4BED-A098-9EB5825EBFE1}.Debug|x86.Build.0 = Debug|Any CPU
		{CEC284FB-23E7-4BED-A098-9EB5825EBFE1}.DVD-5|Any CPU.ActiveCfg = Debug|Any CPU
		{CEC284FB-23E7-4BED-A098-9EB5825EBFE1}.DVD-5|Any CPU.Build.0 = Debug|Any CPU
		{CEC284FB-23E7-4BED-A098-9EB5825EBFE1}.DVD-5|x86.ActiveCfg = Debug|Any CPU
		{CEC284FB-23E7-4BED-A098-9EB5825EBFE1}.DVD-5|x86.Build.0 = Debug|Any CPU
		{CEC284FB-23E7-4BED-A098-9EB5825EBFE1}.Release|Any CPU.ActiveCfg = Release|Any CPU
		{CEC284FB-23E7-4BED-A098-9EB5825EBFE1}.Release|Any CPU.Build.0 = Release|Any CPU
		{CEC284FB-23E7-4BED-A098-9EB5825EBFE1}.Release|x86.ActiveCfg = Release|Any CPU
		{CEC284FB-23E7-4BED-A098-9EB5825EBFE1}.Release|x86.Build.0 = Release|Any CPU
		{CEC284FB-23E7-4BED-A098-9EB5825EBFE1}.SingleImage|Any CPU.ActiveCfg = Release|Any CPU
		{CEC284FB-23E7-4BED-A098-9EB5825EBFE1}.SingleImage|Any CPU.Build.0 = Release|Any CPU
		{CEC284FB-23E7-4BED-A098-9EB5825EBFE1}.SingleImage|x86.ActiveCfg = Release|Any CPU
		{CEC284FB-23E7-4BED-A098-9EB5825EBFE1}.SingleImage|x86.Build.0 = Release|Any CPU
	EndGlobalSection
	GlobalSection(SolutionProperties) = preSolution
		HideSolutionNode = FALSE
	EndGlobalSection
	GlobalSection(ExtensibilityGlobals) = postSolution
		EnterpriseLibraryConfigurationToolBinariesPath = packages\Unity.2.1.505.0\lib\NET35;packages\Unity.Interception.2.1.505.0\lib\NET35;packages\EnterpriseLibrary.Common.5.0.505.0\lib\NET35;packages\EnterpriseLibrary.Logging.5.0.505.1\lib\NET35
		EnterpriseLibraryConfigurationToolBinariesPathV6 = packages\EnterpriseLibrary.Common.6.0.1304.0\lib\NET45;packages\EnterpriseLibrary.Logging.6.0.1304.0\lib\NET45
	EndGlobalSection
EndGlobal
